PODS:
  - AWSiOSSDKv2 (2.0.8):
    - AWSiOSSDKv2/AutoScaling (= 2.0.8)
    - AWSiOSSDKv2/AWSCore (= 2.0.8)
    - AWSiOSSDKv2/CloudWatch (= 2.0.8)
    - AWSiOSSDKv2/DynamoDB (= 2.0.8)
    - AWSiOSSDKv2/EC2 (= 2.0.8)
    - AWSiOSSDKv2/ElasticLoadBalancing (= 2.0.8)
    - AWSiOSSDKv2/Kinesis (= 2.0.8)
    - AWSiOSSDKv2/S3 (= 2.0.8)
    - AWSiOSSDKv2/SES (= 2.0.8)
    - AWSiOSSDKv2/SimpleDB (= 2.0.8)
    - AWSiOSSDKv2/SNS (= 2.0.8)
    - AWSiOSSDKv2/SQS (= 2.0.8)
    - Bolts (~> 1.1.0)
    - GZIP (~> 1.0.3)
    - Mantle (~> 1.4.1)
    - Reachability (~> 3.1.1)
    - TMCache (~> 1.2.1)
    - UICKeyChainStore (~> 1.0.5)
    - XMLDictionary (~> 1.4.0)
  - AWSiOSSDKv2/AutoScaling (2.0.8):
    - AWSiOSSDKv2/AWSCore
    - Bolts (~> 1.1.0)
    - GZIP (~> 1.0.3)
    - Mantle (~> 1.4.1)
    - Reachability (~> 3.1.1)
    - TMCache (~> 1.2.1)
    - UICKeyChainStore (~> 1.0.5)
    - XMLDictionary (~> 1.4.0)
  - AWSiOSSDKv2/AWSCore (2.0.8):
    - Bolts (~> 1.1.0)
    - GZIP (~> 1.0.3)
    - Mantle (~> 1.4.1)
    - Reachability (~> 3.1.1)
    - TMCache (~> 1.2.1)
    - UICKeyChainStore (~> 1.0.5)
    - XMLDictionary (~> 1.4.0)
  - AWSiOSSDKv2/CloudWatch (2.0.8):
    - AWSiOSSDKv2/AWSCore
    - Bolts (~> 1.1.0)
    - GZIP (~> 1.0.3)
    - Mantle (~> 1.4.1)
    - Reachability (~> 3.1.1)
    - TMCache (~> 1.2.1)
    - UICKeyChainStore (~> 1.0.5)
    - XMLDictionary (~> 1.4.0)
  - AWSiOSSDKv2/DynamoDB (2.0.8):
    - AWSiOSSDKv2/AWSCore
    - Bolts (~> 1.1.0)
    - GZIP (~> 1.0.3)
    - Mantle (~> 1.4.1)
    - Reachability (~> 3.1.1)
    - TMCache (~> 1.2.1)
    - UICKeyChainStore (~> 1.0.5)
    - XMLDictionary (~> 1.4.0)
  - AWSiOSSDKv2/EC2 (2.0.8):
    - AWSiOSSDKv2/AWSCore
    - Bolts (~> 1.1.0)
    - GZIP (~> 1.0.3)
    - Mantle (~> 1.4.1)
    - Reachability (~> 3.1.1)
    - TMCache (~> 1.2.1)
    - UICKeyChainStore (~> 1.0.5)
    - XMLDictionary (~> 1.4.0)
  - AWSiOSSDKv2/ElasticLoadBalancing (2.0.8):
    - AWSiOSSDKv2/AWSCore
    - Bolts (~> 1.1.0)
    - GZIP (~> 1.0.3)
    - Mantle (~> 1.4.1)
    - Reachability (~> 3.1.1)
    - TMCache (~> 1.2.1)
    - UICKeyChainStore (~> 1.0.5)
    - XMLDictionary (~> 1.4.0)
  - AWSiOSSDKv2/Kinesis (2.0.8):
    - AWSiOSSDKv2/AWSCore
    - Bolts (~> 1.1.0)
    - GZIP (~> 1.0.3)
    - Mantle (~> 1.4.1)
    - Reachability (~> 3.1.1)
    - TMCache (~> 1.2.1)
    - UICKeyChainStore (~> 1.0.5)
    - XMLDictionary (~> 1.4.0)
  - AWSiOSSDKv2/S3 (2.0.8):
    - AWSiOSSDKv2/AWSCore
    - Bolts (~> 1.1.0)
    - GZIP (~> 1.0.3)
    - Mantle (~> 1.4.1)
    - Reachability (~> 3.1.1)
    - TMCache (~> 1.2.1)
    - UICKeyChainStore (~> 1.0.5)
    - XMLDictionary (~> 1.4.0)
  - AWSiOSSDKv2/SES (2.0.8):
    - AWSiOSSDKv2/AWSCore
    - Bolts (~> 1.1.0)
    - GZIP (~> 1.0.3)
    - Mantle (~> 1.4.1)
    - Reachability (~> 3.1.1)
    - TMCache (~> 1.2.1)
    - UICKeyChainStore (~> 1.0.5)
    - XMLDictionary (~> 1.4.0)
  - AWSiOSSDKv2/SimpleDB (2.0.8):
    - AWSiOSSDKv2/AWSCore
    - Bolts (~> 1.1.0)
    - GZIP (~> 1.0.3)
    - Mantle (~> 1.4.1)
    - Reachability (~> 3.1.1)
    - TMCache (~> 1.2.1)
    - UICKeyChainStore (~> 1.0.5)
    - XMLDictionary (~> 1.4.0)
  - AWSiOSSDKv2/SNS (2.0.8):
    - AWSiOSSDKv2/AWSCore
    - Bolts (~> 1.1.0)
    - GZIP (~> 1.0.3)
    - Mantle (~> 1.4.1)
    - Reachability (~> 3.1.1)
    - TMCache (~> 1.2.1)
    - UICKeyChainStore (~> 1.0.5)
    - XMLDictionary (~> 1.4.0)
  - AWSiOSSDKv2/SQS (2.0.8):
    - AWSiOSSDKv2/AWSCore
    - Bolts (~> 1.1.0)
    - GZIP (~> 1.0.3)
    - Mantle (~> 1.4.1)
    - Reachability (~> 3.1.1)
    - TMCache (~> 1.2.1)
    - UICKeyChainStore (~> 1.0.5)
    - XMLDictionary (~> 1.4.0)
  - Bolts (1.1.5):
    - Bolts/AppLinks (= 1.1.5)
    - Bolts/Tasks (= 1.1.5)
  - Bolts/Tasks (1.1.5)
  - FontAwesomeIconFactory (2.0)
  - GZIP (1.0.3)
  - Mantle (1.4.1):
    - Mantle/extobjc (= 1.4.1)
  - Mantle/extobjc (1.4.1)
  - Reachability (3.1.1)
  - TMCache (1.2.4)
  - UICKeyChainStore (1.0.5)
  - XMLDictionary (1.4)

DEPENDENCIES:
  - AWSiOSSDKv2 (from `https://github.com/soumis/aws-sdk-osx.git`)
  - FontAwesomeIconFactory

EXTERNAL SOURCES:
  AWSiOSSDKv2:
    :git: https://github.com/soumis/aws-sdk-osx.git

CHECKOUT OPTIONS:
  AWSiOSSDKv2:
    :commit: 319acfec661d41c8e7726d255ba47a7fc7f4aadb
    :git: https://github.com/soumis/aws-sdk-osx.git

SPEC CHECKSUMS:
  AWSiOSSDKv2: c6c8d39b2cb254f6c315a2e7ea27b98d3ef028a1
  Bolts: aac24961496d504aa56fc267cde95162a71bac39
  FontAwesomeIconFactory: d161a1832f8220d764033e0fcc4f4a8388495ab7
  GZIP: f0863fda354e8f83316508c0a2c7bbe385e39129
  Mantle: 3219c0181d918508689af61c77891b12dbb28215
  Reachability: dd9aa4fb6667b9f787690a74f53cb7634ce99893
  TMCache: a93984b045a5ee84bd8941bd5e0b54296059cc52
  UICKeyChainStore: e81dc3b58d56ffaed61ab6669eb97071e53fc377
  XMLDictionary: f9f51601ba76678b594ab485f2b00ec1fed23724

COCOAPODS: 0.35.0
