// !$*UTF8*$!
{
	archiveVersion = 1;
	classes = {
	};
	objectVersion = 46;
	objects = {

/* Begin PBXBuildFile section */
		42975E4AC934F173019B16F9 /* libPods.a in Frameworks */ = {isa = PBXBuildFile; fileRef = 7B4932D74C135E6DC54C2B5A /* libPods.a */; };
		450F83711AAE152300E49B38 /* AppDelegate.swift in Sources */ = {isa = PBXBuildFile; fileRef = 450F83701AAE152300E49B38 /* AppDelegate.swift */; };
		450F83751AAE152300E49B38 /* Images.xcassets in Resources */ = {isa = PBXBuildFile; fileRef = 450F83741AAE152300E49B38 /* Images.xcassets */; };
		450F83781AAE152300E49B38 /* Main.storyboard in Resources */ = {isa = PBXBuildFile; fileRef = 450F83761AAE152300E49B38 /* Main.storyboard */; };
		450F83841AAE152300E49B38 /* StackTrayTests.swift in Sources */ = {isa = PBXBuildFile; fileRef = 450F83831AAE152300E49B38 /* StackTrayTests.swift */; };
		450F83921AAE155E00E49B38 /* Preferences.storyboard in Resources */ = {isa = PBXBuildFile; fileRef = 450F838D1AAE155E00E49B38 /* Preferences.storyboard */; };
		450F83931AAE155E00E49B38 /* PreferencesViewController.swift in Sources */ = {isa = PBXBuildFile; fileRef = 450F838E1AAE155E00E49B38 /* PreferencesViewController.swift */; };
		450F83941AAE155E00E49B38 /* BackgroundView.swift in Sources */ = {isa = PBXBuildFile; fileRef = 450F838F1AAE155E00E49B38 /* BackgroundView.swift */; };
		450F83951AAE155E00E49B38 /* AppMenu.swift in Sources */ = {isa = PBXBuildFile; fileRef = 450F83901AAE155E00E49B38 /* AppMenu.swift */; };
		450F83961AAE155E00E49B38 /* AccountCell.xib in Resources */ = {isa = PBXBuildFile; fileRef = 450F83911AAE155E00E49B38 /* AccountCell.xib */; };
		459DC4081AB11FFC00B0C8B1 /* AccountController.swift in Sources */ = {isa = PBXBuildFile; fileRef = 459DC4041AB11FFC00B0C8B1 /* AccountController.swift */; };
		459DC4091AB11FFC00B0C8B1 /* Account.swift in Sources */ = {isa = PBXBuildFile; fileRef = 459DC4061AB11FFC00B0C8B1 /* Account.swift */; };
		459DC40A1AB11FFC00B0C8B1 /* Instance.swift in Sources */ = {isa = PBXBuildFile; fileRef = 459DC4071AB11FFC00B0C8B1 /* Instance.swift */; };
		459DC40D1AB1203B00B0C8B1 /* AccountControllerTests.swift in Sources */ = {isa = PBXBuildFile; fileRef = 459DC40B1AB1203B00B0C8B1 /* AccountControllerTests.swift */; };
		459DC40E1AB1203B00B0C8B1 /* ModelTests.swift in Sources */ = {isa = PBXBuildFile; fileRef = 459DC40C1AB1203B00B0C8B1 /* ModelTests.swift */; };
		45D8B6951AAE160B0080DEEC /* ImportController.swift in Sources */ = {isa = PBXBuildFile; fileRef = 45D8B68D1AAE160B0080DEEC /* ImportController.swift */; };
		45D8B6961AAE160B0080DEEC /* Stack.swift in Sources */ = {isa = PBXBuildFile; fileRef = 45D8B68E1AAE160B0080DEEC /* Stack.swift */; };
		45D8B6971AAE160B0080DEEC /* StackTray.xcdatamodeld in Sources */ = {isa = PBXBuildFile; fileRef = 45D8B68F1AAE160B0080DEEC /* StackTray.xcdatamodeld */; };
		45D8B6991AAE64650080DEEC /* AddAccountCell.xib in Resources */ = {isa = PBXBuildFile; fileRef = 45D8B6981AAE64650080DEEC /* AddAccountCell.xib */; };
		45E403DE1AB1420100DF62CC /* ConsoleViewController.swift in Sources */ = {isa = PBXBuildFile; fileRef = 45E403DD1AB1420100DF62CC /* ConsoleViewController.swift */; };
		45E403E01AB1421000DF62CC /* Console.storyboard in Resources */ = {isa = PBXBuildFile; fileRef = 45E403DF1AB1421000DF62CC /* Console.storyboard */; };
/* End PBXBuildFile section */

/* Begin PBXContainerItemProxy section */
		450F837E1AAE152300E49B38 /* PBXContainerItemProxy */ = {
			isa = PBXContainerItemProxy;
			containerPortal = 450F83631AAE152200E49B38 /* Project object */;
			proxyType = 1;
			remoteGlobalIDString = 450F836A1AAE152200E49B38;
			remoteInfo = StackTray;
		};
/* End PBXContainerItemProxy section */

/* Begin PBXCopyFilesBuildPhase section */
		450F83B81AAE15A600E49B38 /* Embed Frameworks */ = {
			isa = PBXCopyFilesBuildPhase;
			buildActionMask = 2147483647;
			dstPath = "";
			dstSubfolderSpec = 10;
			files = (
			);
			name = "Embed Frameworks";
			runOnlyForDeploymentPostprocessing = 0;
		};
/* End PBXCopyFilesBuildPhase section */

/* Begin PBXFileReference section */
		100900AF11EE8C0909DEFA51 /* Pods.debug.xcconfig */ = {isa = PBXFileReference; includeInIndex = 1; lastKnownFileType = text.xcconfig; name = Pods.debug.xcconfig; path = "Pods/Target Support Files/Pods/Pods.debug.xcconfig"; sourceTree = "<group>"; };
		450F836B1AAE152200E49B38 /* StackTray.app */ = {isa = PBXFileReference; explicitFileType = wrapper.application; includeInIndex = 0; path = StackTray.app; sourceTree = BUILT_PRODUCTS_DIR; };
		450F836F1AAE152300E49B38 /* Info.plist */ = {isa = PBXFileReference; lastKnownFileType = text.plist.xml; path = Info.plist; sourceTree = "<group>"; };
		450F83701AAE152300E49B38 /* AppDelegate.swift */ = {isa = PBXFileReference; lastKnownFileType = sourcecode.swift; path = AppDelegate.swift; sourceTree = "<group>"; };
		450F83741AAE152300E49B38 /* Images.xcassets */ = {isa = PBXFileReference; lastKnownFileType = folder.assetcatalog; path = Images.xcassets; sourceTree = "<group>"; };
		450F83771AAE152300E49B38 /* Base */ = {isa = PBXFileReference; lastKnownFileType = file.storyboard; name = Base; path = Base.lproj/Main.storyboard; sourceTree = "<group>"; };
		450F837D1AAE152300E49B38 /* StackTrayTests.xctest */ = {isa = PBXFileReference; explicitFileType = wrapper.cfbundle; includeInIndex = 0; path = StackTrayTests.xctest; sourceTree = BUILT_PRODUCTS_DIR; };
		450F83821AAE152300E49B38 /* Info.plist */ = {isa = PBXFileReference; lastKnownFileType = text.plist.xml; path = Info.plist; sourceTree = "<group>"; };
		450F83831AAE152300E49B38 /* StackTrayTests.swift */ = {isa = PBXFileReference; lastKnownFileType = sourcecode.swift; path = StackTrayTests.swift; sourceTree = "<group>"; };
		450F838D1AAE155E00E49B38 /* Preferences.storyboard */ = {isa = PBXFileReference; fileEncoding = 4; lastKnownFileType = file.storyboard; path = Preferences.storyboard; sourceTree = "<group>"; };
		450F838E1AAE155E00E49B38 /* PreferencesViewController.swift */ = {isa = PBXFileReference; fileEncoding = 4; lastKnownFileType = sourcecode.swift; path = PreferencesViewController.swift; sourceTree = "<group>"; };
		450F838F1AAE155E00E49B38 /* BackgroundView.swift */ = {isa = PBXFileReference; fileEncoding = 4; lastKnownFileType = sourcecode.swift; path = BackgroundView.swift; sourceTree = "<group>"; };
		450F83901AAE155E00E49B38 /* AppMenu.swift */ = {isa = PBXFileReference; fileEncoding = 4; lastKnownFileType = sourcecode.swift; path = AppMenu.swift; sourceTree = "<group>"; };
		450F83911AAE155E00E49B38 /* AccountCell.xib */ = {isa = PBXFileReference; fileEncoding = 4; lastKnownFileType = file.xib; path = AccountCell.xib; sourceTree = "<group>"; };
		459DC4041AB11FFC00B0C8B1 /* AccountController.swift */ = {isa = PBXFileReference; fileEncoding = 4; lastKnownFileType = sourcecode.swift; path = AccountController.swift; sourceTree = "<group>"; };
		459DC4061AB11FFC00B0C8B1 /* Account.swift */ = {isa = PBXFileReference; fileEncoding = 4; lastKnownFileType = sourcecode.swift; path = Account.swift; sourceTree = "<group>"; };
		459DC4071AB11FFC00B0C8B1 /* Instance.swift */ = {isa = PBXFileReference; fileEncoding = 4; lastKnownFileType = sourcecode.swift; path = Instance.swift; sourceTree = "<group>"; };
		459DC40B1AB1203B00B0C8B1 /* AccountControllerTests.swift */ = {isa = PBXFileReference; fileEncoding = 4; lastKnownFileType = sourcecode.swift; path = AccountControllerTests.swift; sourceTree = "<group>"; };
		459DC40C1AB1203B00B0C8B1 /* ModelTests.swift */ = {isa = PBXFileReference; fileEncoding = 4; lastKnownFileType = sourcecode.swift; path = ModelTests.swift; sourceTree = "<group>"; };
		45D8B68D1AAE160B0080DEEC /* ImportController.swift */ = {isa = PBXFileReference; fileEncoding = 4; lastKnownFileType = sourcecode.swift; path = ImportController.swift; sourceTree = "<group>"; };
		45D8B68E1AAE160B0080DEEC /* Stack.swift */ = {isa = PBXFileReference; fileEncoding = 4; lastKnownFileType = sourcecode.swift; path = Stack.swift; sourceTree = "<group>"; };
		45D8B6901AAE160B0080DEEC /* StackTray 2.xcdatamodel */ = {isa = PBXFileReference; lastKnownFileType = wrapper.xcdatamodel; path = "StackTray 2.xcdatamodel"; sourceTree = "<group>"; };
		45D8B6911AAE160B0080DEEC /* StackTray 3.xcdatamodel */ = {isa = PBXFileReference; lastKnownFileType = wrapper.xcdatamodel; path = "StackTray 3.xcdatamodel"; sourceTree = "<group>"; };
		45D8B6921AAE160B0080DEEC /* StackTray 4.xcdatamodel */ = {isa = PBXFileReference; lastKnownFileType = wrapper.xcdatamodel; path = "StackTray 4.xcdatamodel"; sourceTree = "<group>"; };
		45D8B6931AAE160B0080DEEC /* StackTray 5.xcdatamodel */ = {isa = PBXFileReference; lastKnownFileType = wrapper.xcdatamodel; path = "StackTray 5.xcdatamodel"; sourceTree = "<group>"; };
		45D8B6941AAE160B0080DEEC /* StackTray.xcdatamodel */ = {isa = PBXFileReference; lastKnownFileType = wrapper.xcdatamodel; path = StackTray.xcdatamodel; sourceTree = "<group>"; };
		45D8B6981AAE64650080DEEC /* AddAccountCell.xib */ = {isa = PBXFileReference; fileEncoding = 4; lastKnownFileType = file.xib; path = AddAccountCell.xib; sourceTree = "<group>"; };
		45E403D91AB120ED00DF62CC /* StackTray-Bridging-Header.h */ = {isa = PBXFileReference; lastKnownFileType = sourcecode.c.h; path = "StackTray-Bridging-Header.h"; sourceTree = "<group>"; };
		45E403DD1AB1420100DF62CC /* ConsoleViewController.swift */ = {isa = PBXFileReference; fileEncoding = 4; lastKnownFileType = sourcecode.swift; path = ConsoleViewController.swift; sourceTree = "<group>"; };
		45E403DF1AB1421000DF62CC /* Console.storyboard */ = {isa = PBXFileReference; fileEncoding = 4; lastKnownFileType = file.storyboard; path = Console.storyboard; sourceTree = "<group>"; };
		4C2617974971310283D2D4F4 /* Pods.release.xcconfig */ = {isa = PBXFileReference; includeInIndex = 1; lastKnownFileType = text.xcconfig; name = Pods.release.xcconfig; path = "Pods/Target Support Files/Pods/Pods.release.xcconfig"; sourceTree = "<group>"; };
		7B4932D74C135E6DC54C2B5A /* libPods.a */ = {isa = PBXFileReference; explicitFileType = archive.ar; includeInIndex = 0; path = libPods.a; sourceTree = BUILT_PRODUCTS_DIR; };
/* End PBXFileReference section */

/* Begin PBXFrameworksBuildPhase section */
		450F83681AAE152200E49B38 /* Frameworks */ = {
			isa = PBXFrameworksBuildPhase;
			buildActionMask = 2147483647;
			files = (
				42975E4AC934F173019B16F9 /* libPods.a in Frameworks */,
			);
			runOnlyForDeploymentPostprocessing = 0;
		};
		450F837A1AAE152300E49B38 /* Frameworks */ = {
			isa = PBXFrameworksBuildPhase;
			buildActionMask = 2147483647;
			files = (
			);
			runOnlyForDeploymentPostprocessing = 0;
		};
/* End PBXFrameworksBuildPhase section */

/* Begin PBXGroup section */
		450F83621AAE152200E49B38 = {
			isa = PBXGroup;
			children = (
				450F836D1AAE152200E49B38 /* StackTray */,
				450F83801AAE152300E49B38 /* StackTrayTests */,
				450F836C1AAE152200E49B38 /* Products */,
				62839165453401B9E7A6EE9A /* Pods */,
				F5932AD33D8C0F41ED4EC159 /* Frameworks */,
			);
			sourceTree = "<group>";
		};
		450F836C1AAE152200E49B38 /* Products */ = {
			isa = PBXGroup;
			children = (
				450F836B1AAE152200E49B38 /* StackTray.app */,
				450F837D1AAE152300E49B38 /* StackTrayTests.xctest */,
			);
			name = Products;
			sourceTree = "<group>";
		};
		450F836D1AAE152200E49B38 /* StackTray */ = {
			isa = PBXGroup;
			children = (
				450F83911AAE155E00E49B38 /* AccountCell.xib */,
				45D8B6981AAE64650080DEEC /* AddAccountCell.xib */,
				450F83701AAE152300E49B38 /* AppDelegate.swift */,
				450F83901AAE155E00E49B38 /* AppMenu.swift */,
				450F838F1AAE155E00E49B38 /* BackgroundView.swift */,
				45E403DF1AB1421000DF62CC /* Console.storyboard */,
				45E403DD1AB1420100DF62CC /* ConsoleViewController.swift */,
				459DC4031AB11FFC00B0C8B1 /* Controllers */,
				450F83741AAE152300E49B38 /* Images.xcassets */,
				45D8B68C1AAE160B0080DEEC /* Import */,
				450F83761AAE152300E49B38 /* Main.storyboard */,
				459DC4051AB11FFC00B0C8B1 /* Models */,
				450F838D1AAE155E00E49B38 /* Preferences.storyboard */,
				450F838E1AAE155E00E49B38 /* PreferencesViewController.swift */,
				45E403D91AB120ED00DF62CC /* StackTray-Bridging-Header.h */,
				450F836E1AAE152300E49B38 /* Supporting Files */,
			);
			path = StackTray;
			sourceTree = "<group>";
		};
		450F836E1AAE152300E49B38 /* Supporting Files */ = {
			isa = PBXGroup;
			children = (
				450F836F1AAE152300E49B38 /* Info.plist */,
			);
			name = "Supporting Files";
			sourceTree = "<group>";
		};
		450F83801AAE152300E49B38 /* StackTrayTests */ = {
			isa = PBXGroup;
			children = (
				459DC40B1AB1203B00B0C8B1 /* AccountControllerTests.swift */,
				459DC40C1AB1203B00B0C8B1 /* ModelTests.swift */,
				450F83831AAE152300E49B38 /* StackTrayTests.swift */,
				450F83811AAE152300E49B38 /* Supporting Files */,
			);
			path = StackTrayTests;
			sourceTree = "<group>";
		};
		450F83811AAE152300E49B38 /* Supporting Files */ = {
			isa = PBXGroup;
			children = (
				450F83821AAE152300E49B38 /* Info.plist */,
			);
			name = "Supporting Files";
			sourceTree = "<group>";
		};
		459DC4031AB11FFC00B0C8B1 /* Controllers */ = {
			isa = PBXGroup;
			children = (
				459DC4041AB11FFC00B0C8B1 /* AccountController.swift */,
			);
			path = Controllers;
			sourceTree = "<group>";
		};
		459DC4051AB11FFC00B0C8B1 /* Models */ = {
			isa = PBXGroup;
			children = (
				459DC4061AB11FFC00B0C8B1 /* Account.swift */,
				459DC4071AB11FFC00B0C8B1 /* Instance.swift */,
			);
			path = Models;
			sourceTree = "<group>";
		};
		45D8B68C1AAE160B0080DEEC /* Import */ = {
			isa = PBXGroup;
			children = (
				45D8B68D1AAE160B0080DEEC /* ImportController.swift */,
				45D8B68E1AAE160B0080DEEC /* Stack.swift */,
				45D8B68F1AAE160B0080DEEC /* StackTray.xcdatamodeld */,
			);
			path = Import;
			sourceTree = "<group>";
		};
		62839165453401B9E7A6EE9A /* Pods */ = {
			isa = PBXGroup;
			children = (
				100900AF11EE8C0909DEFA51 /* Pods.debug.xcconfig */,
				4C2617974971310283D2D4F4 /* Pods.release.xcconfig */,
			);
			name = Pods;
			sourceTree = "<group>";
		};
		F5932AD33D8C0F41ED4EC159 /* Frameworks */ = {
			isa = PBXGroup;
			children = (
				7B4932D74C135E6DC54C2B5A /* libPods.a */,
			);
			name = Frameworks;
			sourceTree = "<group>";
		};
/* End PBXGroup section */

/* Begin PBXNativeTarget section */
		450F836A1AAE152200E49B38 /* StackTray */ = {
			isa = PBXNativeTarget;
			buildConfigurationList = 450F83871AAE152300E49B38 /* Build configuration list for PBXNativeTarget "StackTray" */;
			buildPhases = (
				EB324FE24B55616B61E4390D /* Check Pods Manifest.lock */,
				450F83671AAE152200E49B38 /* Sources */,
				450F83681AAE152200E49B38 /* Frameworks */,
				450F83691AAE152200E49B38 /* Resources */,
				450F83B81AAE15A600E49B38 /* Embed Frameworks */,
				9602AFA958F43E8F9A34477D /* Copy Pods Resources */,
			);
			buildRules = (
			);
			dependencies = (
			);
			name = StackTray;
			productName = StackTray;
			productReference = 450F836B1AAE152200E49B38 /* StackTray.app */;
			productType = "com.apple.product-type.application";
		};
		450F837C1AAE152300E49B38 /* StackTrayTests */ = {
			isa = PBXNativeTarget;
			buildConfigurationList = 450F838A1AAE152300E49B38 /* Build configuration list for PBXNativeTarget "StackTrayTests" */;
			buildPhases = (
				450F83791AAE152300E49B38 /* Sources */,
				450F837A1AAE152300E49B38 /* Frameworks */,
				450F837B1AAE152300E49B38 /* Resources */,
			);
			buildRules = (
			);
			dependencies = (
				450F837F1AAE152300E49B38 /* PBXTargetDependency */,
			);
			name = StackTrayTests;
			productName = StackTrayTests;
			productReference = 450F837D1AAE152300E49B38 /* StackTrayTests.xctest */;
			productType = "com.apple.product-type.bundle.unit-test";
		};
/* End PBXNativeTarget section */

/* Begin PBXProject section */
		450F83631AAE152200E49B38 /* Project object */ = {
			isa = PBXProject;
			attributes = {
				LastUpgradeCheck = 0610;
				ORGANIZATIONNAME = dutchcoders;
				TargetAttributes = {
					450F836A1AAE152200E49B38 = {
						CreatedOnToolsVersion = 6.1.1;
					};
					450F837C1AAE152300E49B38 = {
						CreatedOnToolsVersion = 6.1.1;
						TestTargetID = 450F836A1AAE152200E49B38;
					};
				};
			};
			buildConfigurationList = 450F83661AAE152200E49B38 /* Build configuration list for PBXProject "StackTray" */;
			compatibilityVersion = "Xcode 3.2";
			developmentRegion = English;
			hasScannedForEncodings = 0;
			knownRegions = (
				en,
				Base,
			);
			mainGroup = 450F83621AAE152200E49B38;
			productRefGroup = 450F836C1AAE152200E49B38 /* Products */;
			projectDirPath = "";
			projectRoot = "";
			targets = (
				450F836A1AAE152200E49B38 /* StackTray */,
				450F837C1AAE152300E49B38 /* StackTrayTests */,
			);
		};
/* End PBXProject section */

/* Begin PBXResourcesBuildPhase section */
		450F83691AAE152200E49B38 /* Resources */ = {
			isa = PBXResourcesBuildPhase;
			buildActionMask = 2147483647;
			files = (
				45D8B6991AAE64650080DEEC /* AddAccountCell.xib in Resources */,
				450F83921AAE155E00E49B38 /* Preferences.storyboard in Resources */,
				45E403E01AB1421000DF62CC /* Console.storyboard in Resources */,
				450F83961AAE155E00E49B38 /* AccountCell.xib in Resources */,
				450F83751AAE152300E49B38 /* Images.xcassets in Resources */,
				450F83781AAE152300E49B38 /* Main.storyboard in Resources */,
			);
			runOnlyForDeploymentPostprocessing = 0;
		};
		450F837B1AAE152300E49B38 /* Resources */ = {
			isa = PBXResourcesBuildPhase;
			buildActionMask = 2147483647;
			files = (
			);
			runOnlyForDeploymentPostprocessing = 0;
		};
/* End PBXResourcesBuildPhase section */

/* Begin PBXShellScriptBuildPhase section */
		9602AFA958F43E8F9A34477D /* Copy Pods Resources */ = {
			isa = PBXShellScriptBuildPhase;
			buildActionMask = 2147483647;
			files = (
			);
			inputPaths = (
			);
			name = "Copy Pods Resources";
			outputPaths = (
			);
			runOnlyForDeploymentPostprocessing = 0;
			shellPath = /bin/sh;
			shellScript = "\"${SRCROOT}/Pods/Target Support Files/Pods/Pods-resources.sh\"\n";
			showEnvVarsInLog = 0;
		};
		EB324FE24B55616B61E4390D /* Check Pods Manifest.lock */ = {
			isa = PBXShellScriptBuildPhase;
			buildActionMask = 2147483647;
			files = (
			);
			inputPaths = (
			);
			name = "Check Pods Manifest.lock";
			outputPaths = (
			);
			runOnlyForDeploymentPostprocessing = 0;
			shellPath = /bin/sh;
			shellScript = "diff \"${PODS_ROOT}/../Podfile.lock\" \"${PODS_ROOT}/Manifest.lock\" > /dev/null\nif [[ $? != 0 ]] ; then\n    cat << EOM\nerror: The sandbox is not in sync with the Podfile.lock. Run 'pod install' or update your CocoaPods installation.\nEOM\n    exit 1\nfi\n";
			showEnvVarsInLog = 0;
		};
/* End PBXShellScriptBuildPhase section */

/* Begin PBXSourcesBuildPhase section */
		450F83671AAE152200E49B38 /* Sources */ = {
			isa = PBXSourcesBuildPhase;
			buildActionMask = 2147483647;
			files = (
				459DC40A1AB11FFC00B0C8B1 /* Instance.swift in Sources */,
				450F83711AAE152300E49B38 /* AppDelegate.swift in Sources */,
				45E403DE1AB1420100DF62CC /* ConsoleViewController.swift in Sources */,
				45D8B6961AAE160B0080DEEC /* Stack.swift in Sources */,
				45D8B6951AAE160B0080DEEC /* ImportController.swift in Sources */,
				459DC4081AB11FFC00B0C8B1 /* AccountController.swift in Sources */,
				45D8B6971AAE160B0080DEEC /* StackTray.xcdatamodeld in Sources */,
				459DC4091AB11FFC00B0C8B1 /* Account.swift in Sources */,
				450F83941AAE155E00E49B38 /* BackgroundView.swift in Sources */,
				450F83951AAE155E00E49B38 /* AppMenu.swift in Sources */,
				450F83931AAE155E00E49B38 /* PreferencesViewController.swift in Sources */,
			);
			runOnlyForDeploymentPostprocessing = 0;
		};
		450F83791AAE152300E49B38 /* Sources */ = {
			isa = PBXSourcesBuildPhase;
			buildActionMask = 2147483647;
			files = (
				459DC40E1AB1203B00B0C8B1 /* ModelTests.swift in Sources */,
				450F83841AAE152300E49B38 /* StackTrayTests.swift in Sources */,
				459DC40D1AB1203B00B0C8B1 /* AccountControllerTests.swift in Sources */,
			);
			runOnlyForDeploymentPostprocessing = 0;
		};
/* End PBXSourcesBuildPhase section */

/* Begin PBXTargetDependency section */
		450F837F1AAE152300E49B38 /* PBXTargetDependency */ = {
			isa = PBXTargetDependency;
			target = 450F836A1AAE152200E49B38 /* StackTray */;
			targetProxy = 450F837E1AAE152300E49B38 /* PBXContainerItemProxy */;
		};
/* End PBXTargetDependency section */

/* Begin PBXVariantGroup section */
		450F83761AAE152300E49B38 /* Main.storyboard */ = {
			isa = PBXVariantGroup;
			children = (
				450F83771AAE152300E49B38 /* Base */,
			);
			name = Main.storyboard;
			sourceTree = "<group>";
		};
/* End PBXVariantGroup section */

/* Begin XCBuildConfiguration section */
		450F83851AAE152300E49B38 /* Debug */ = {
			isa = XCBuildConfiguration;
			baseConfigurationReference = 100900AF11EE8C0909DEFA51 /* Pods.debug.xcconfig */;
			buildSettings = {
				ALWAYS_SEARCH_USER_PATHS = NO;
				CLANG_CXX_LANGUAGE_STANDARD = "gnu++0x";
				CLANG_CXX_LIBRARY = "libc++";
				CLANG_ENABLE_MODULES = YES;
				CLANG_ENABLE_OBJC_ARC = YES;
				CLANG_WARN_BOOL_CONVERSION = YES;
				CLANG_WARN_CONSTANT_CONVERSION = YES;
				CLANG_WARN_DIRECT_OBJC_ISA_USAGE = YES_ERROR;
				CLANG_WARN_EMPTY_BODY = YES;
				CLANG_WARN_ENUM_CONVERSION = YES;
				CLANG_WARN_INT_CONVERSION = YES;
				CLANG_WARN_OBJC_ROOT_CLASS = YES_ERROR;
				CLANG_WARN_UNREACHABLE_CODE = YES;
				CLANG_WARN__DUPLICATE_METHOD_MATCH = YES;
				CODE_SIGN_IDENTITY = "-";
				COPY_PHASE_STRIP = NO;
				ENABLE_STRICT_OBJC_MSGSEND = YES;
				GCC_C_LANGUAGE_STANDARD = gnu99;
				GCC_DYNAMIC_NO_PIC = NO;
				GCC_OPTIMIZATION_LEVEL = 0;
				GCC_PREPROCESSOR_DEFINITIONS = (
					"DEBUG=1",
					"$(inherited)",
				);
				GCC_SYMBOLS_PRIVATE_EXTERN = NO;
				GCC_WARN_64_TO_32_BIT_CONVERSION = YES;
				GCC_WARN_ABOUT_RETURN_TYPE = YES_ERROR;
				GCC_WARN_UNDECLARED_SELECTOR = YES;
				GCC_WARN_UNINITIALIZED_AUTOS = YES_AGGRESSIVE;
				GCC_WARN_UNUSED_FUNCTION = YES;
				GCC_WARN_UNUSED_VARIABLE = YES;
				MACOSX_DEPLOYMENT_TARGET = 10.10;
				MTL_ENABLE_DEBUG_INFO = YES;
				ONLY_ACTIVE_ARCH = YES;
				SDKROOT = macosx;
				SWIFT_OPTIMIZATION_LEVEL = "-Onone";
			};
			name = Debug;
		};
		450F83861AAE152300E49B38 /* Release */ = {
			isa = XCBuildConfiguration;
			baseConfigurationReference = 4C2617974971310283D2D4F4 /* Pods.release.xcconfig */;
			buildSettings = {
				ALWAYS_SEARCH_USER_PATHS = NO;
				CLANG_CXX_LANGUAGE_STANDARD = "gnu++0x";
				CLANG_CXX_LIBRARY = "libc++";
				CLANG_ENABLE_MODULES = YES;
				CLANG_ENABLE_OBJC_ARC = YES;
				CLANG_WARN_BOOL_CONVERSION = YES;
				CLANG_WARN_CONSTANT_CONVERSION = YES;
				CLANG_WARN_DIRECT_OBJC_ISA_USAGE = YES_ERROR;
				CLANG_WARN_EMPTY_BODY = YES;
				CLANG_WARN_ENUM_CONVERSION = YES;
				CLANG_WARN_INT_CONVERSION = YES;
				CLANG_WARN_OBJC_ROOT_CLASS = YES_ERROR;
				CLANG_WARN_UNREACHABLE_CODE = YES;
				CLANG_WARN__DUPLICATE_METHOD_MATCH = YES;
				CODE_SIGN_IDENTITY = "-";
				COPY_PHASE_STRIP = YES;
				DEBUG_INFORMATION_FORMAT = "dwarf-with-dsym";
				ENABLE_NS_ASSERTIONS = NO;
				ENABLE_STRICT_OBJC_MSGSEND = YES;
				GCC_C_LANGUAGE_STANDARD = gnu99;
				GCC_WARN_64_TO_32_BIT_CONVERSION = YES;
				GCC_WARN_ABOUT_RETURN_TYPE = YES_ERROR;
				GCC_WARN_UNDECLARED_SELECTOR = YES;
				GCC_WARN_UNINITIALIZED_AUTOS = YES_AGGRESSIVE;
				GCC_WARN_UNUSED_FUNCTION = YES;
				GCC_WARN_UNUSED_VARIABLE = YES;
				MACOSX_DEPLOYMENT_TARGET = 10.10;
				MTL_ENABLE_DEBUG_INFO = NO;
				SDKROOT = macosx;
			};
			name = Release;
		};
		450F83881AAE152300E49B38 /* Debug */ = {
			isa = XCBuildConfiguration;
			baseConfigurationReference = 100900AF11EE8C0909DEFA51 /* Pods.debug.xcconfig */;
			buildSettings = {
				ASSETCATALOG_COMPILER_APPICON_NAME = AppIcon;
				CLANG_ENABLE_MODULES = YES;
				COMBINE_HIDPI_IMAGES = YES;
				INFOPLIST_FILE = StackTray/Info.plist;
				LD_RUNPATH_SEARCH_PATHS = "$(inherited) @executable_path/../Frameworks";
				PRODUCT_NAME = "$(TARGET_NAME)";
				SWIFT_OBJC_BRIDGING_HEADER = "StackTray/StackTray-Bridging-Header.h";
				SWIFT_OPTIMIZATION_LEVEL = "-Onone";
			};
			name = Debug;
		};
		450F83891AAE152300E49B38 /* Release */ = {
			isa = XCBuildConfiguration;
			baseConfigurationReference = 4C2617974971310283D2D4F4 /* Pods.release.xcconfig */;
			buildSettings = {
				ASSETCATALOG_COMPILER_APPICON_NAME = AppIcon;
				CLANG_ENABLE_MODULES = YES;
				COMBINE_HIDPI_IMAGES = YES;
				INFOPLIST_FILE = StackTray/Info.plist;
				LD_RUNPATH_SEARCH_PATHS = "$(inherited) @executable_path/../Frameworks";
				PRODUCT_NAME = "$(TARGET_NAME)";
				SWIFT_OBJC_BRIDGING_HEADER = "StackTray/StackTray-Bridging-Header.h";
			};
			name = Release;
		};
		450F838B1AAE152300E49B38 /* Debug */ = {
			isa = XCBuildConfiguration;
			baseConfigurationReference = 100900AF11EE8C0909DEFA51 /* Pods.debug.xcconfig */;
			buildSettings = {
				BUNDLE_LOADER = "$(TEST_HOST)";
				COMBINE_HIDPI_IMAGES = YES;
				FRAMEWORK_SEARCH_PATHS = (
					"$(DEVELOPER_FRAMEWORKS_DIR)",
					"$(inherited)",
				);
				GCC_PREPROCESSOR_DEFINITIONS = (
					"DEBUG=1",
					"$(inherited)",
				);
				INFOPLIST_FILE = StackTrayTests/Info.plist;
				LD_RUNPATH_SEARCH_PATHS = "$(inherited) @executable_path/../Frameworks @loader_path/../Frameworks";
				PRODUCT_NAME = "$(TARGET_NAME)";
				SWIFT_OBJC_BRIDGING_HEADER = "StackTray/StackTray-Bridging-Header.h";
				TEST_HOST = "$(BUILT_PRODUCTS_DIR)/StackTray.app/Contents/MacOS/StackTray";
			};
			name = Debug;
		};
		450F838C1AAE152300E49B38 /* Release */ = {
			isa = XCBuildConfiguration;
			baseConfigurationReference = 4C2617974971310283D2D4F4 /* Pods.release.xcconfig */;
			buildSettings = {
				BUNDLE_LOADER = "$(TEST_HOST)";
				COMBINE_HIDPI_IMAGES = YES;
				FRAMEWORK_SEARCH_PATHS = (
					"$(DEVELOPER_FRAMEWORKS_DIR)",
					"$(inherited)",
				);
				INFOPLIST_FILE = StackTrayTests/Info.plist;
				LD_RUNPATH_SEARCH_PATHS = "$(inherited) @executable_path/../Frameworks @loader_path/../Frameworks";
				PRODUCT_NAME = "$(TARGET_NAME)";
				SWIFT_OBJC_BRIDGING_HEADER = "StackTray/StackTray-Bridging-Header.h";
				TEST_HOST = "$(BUILT_PRODUCTS_DIR)/StackTray.app/Contents/MacOS/StackTray";
			};
			name = Release;
		};
/* End XCBuildConfiguration section */

/* Begin XCConfigurationList section */
		450F83661AAE152200E49B38 /* Build configuration list for PBXProject "StackTray" */ = {
			isa = XCConfigurationList;
			buildConfigurations = (
				450F83851AAE152300E49B38 /* Debug */,
				450F83861AAE152300E49B38 /* Release */,
			);
			defaultConfigurationIsVisible = 0;
			defaultConfigurationName = Release;
		};
		450F83871AAE152300E49B38 /* Build configuration list for PBXNativeTarget "StackTray" */ = {
			isa = XCConfigurationList;
			buildConfigurations = (
				450F83881AAE152300E49B38 /* Debug */,
				450F83891AAE152300E49B38 /* Release */,
			);
			defaultConfigurationIsVisible = 0;
			defaultConfigurationName = Release;
		};
		450F838A1AAE152300E49B38 /* Build configuration list for PBXNativeTarget "StackTrayTests" */ = {
			isa = XCConfigurationList;
			buildConfigurations = (
				450F838B1AAE152300E49B38 /* Debug */,
				450F838C1AAE152300E49B38 /* Release */,
			);
			defaultConfigurationIsVisible = 0;
			defaultConfigurationName = Release;
		};
/* End XCConfigurationList section */

/* Begin XCVersionGroup section */
		45D8B68F1AAE160B0080DEEC /* StackTray.xcdatamodeld */ = {
			isa = XCVersionGroup;
			children = (
				45D8B6901AAE160B0080DEEC /* StackTray 2.xcdatamodel */,
				45D8B6911AAE160B0080DEEC /* StackTray 3.xcdatamodel */,
				45D8B6921AAE160B0080DEEC /* StackTray 4.xcdatamodel */,
				45D8B6931AAE160B0080DEEC /* StackTray 5.xcdatamodel */,
				45D8B6941AAE160B0080DEEC /* StackTray.xcdatamodel */,
			);
			currentVersion = 45D8B6931AAE160B0080DEEC /* StackTray 5.xcdatamodel */;
			path = StackTray.xcdatamodeld;
			sourceTree = "<group>";
			versionGroupType = wrapper.xcdatamodel;
		};
/* End XCVersionGroup section */
	};
	rootObject = 450F83631AAE152200E49B38 /* Project object */;
}
